// !$*UTF8*$!
{
	archiveVersion = 1;
	classes = {
	};
	objectVersion = 50;
	objects = {

/* Begin PBXBuildFile section */
		333407BA21B07C10007663B7 /* CameraPlaceholderViewController.swift in Sources */ = {isa = PBXBuildFile; fileRef = 333407B921B07C0F007663B7 /* CameraPlaceholderViewController.swift */; };
		337704AA218E02BE00B8EBEE /* AppDelegate.swift in Sources */ = {isa = PBXBuildFile; fileRef = 337704A9218E02BE00B8EBEE /* AppDelegate.swift */; };
		337704B1218E02C000B8EBEE /* Assets.xcassets in Resources */ = {isa = PBXBuildFile; fileRef = 337704B0218E02C000B8EBEE /* Assets.xcassets */; };
		337704B4218E02C000B8EBEE /* LaunchScreen.storyboard in Resources */ = {isa = PBXBuildFile; fileRef = 337704B2218E02C000B8EBEE /* LaunchScreen.storyboard */; };
		337704BE218E042D00B8EBEE /* AppFlowManager.swift in Sources */ = {isa = PBXBuildFile; fileRef = 337704BD218E042D00B8EBEE /* AppFlowManager.swift */; };
		337704C0218E050D00B8EBEE /* ExploreViewController.swift in Sources */ = {isa = PBXBuildFile; fileRef = 337704BF218E050D00B8EBEE /* ExploreViewController.swift */; };
		337704C2218E051900B8EBEE /* ProfileViewController.swift in Sources */ = {isa = PBXBuildFile; fileRef = 337704C1218E051900B8EBEE /* ProfileViewController.swift */; };
		337704C5218E05D100B8EBEE /* Style.swift in Sources */ = {isa = PBXBuildFile; fileRef = 337704C4218E05D100B8EBEE /* Style.swift */; };
		337704C9218E07B800B8EBEE /* View.swift in Sources */ = {isa = PBXBuildFile; fileRef = 337704C8218E07B800B8EBEE /* View.swift */; };
		337704CB218E07C900B8EBEE /* MapView.swift in Sources */ = {isa = PBXBuildFile; fileRef = 337704CA218E07C900B8EBEE /* MapView.swift */; };
		337704CD218E09B800B8EBEE /* GridView.swift in Sources */ = {isa = PBXBuildFile; fileRef = 337704CC218E09B800B8EBEE /* GridView.swift */; };
		337704CF218E0C4D00B8EBEE /* CollectionViewCell.swift in Sources */ = {isa = PBXBuildFile; fileRef = 337704CE218E0C4D00B8EBEE /* CollectionViewCell.swift */; };
		337704D1218E0EC300B8EBEE /* PostViewController.swift in Sources */ = {isa = PBXBuildFile; fileRef = 337704D0218E0EC300B8EBEE /* PostViewController.swift */; };
		337704D4218E106800B8EBEE /* LoginViewController.swift in Sources */ = {isa = PBXBuildFile; fileRef = 337704D3218E106800B8EBEE /* LoginViewController.swift */; };
		337704D6218E107300B8EBEE /* SignUpViewController.swift in Sources */ = {isa = PBXBuildFile; fileRef = 337704D5218E107300B8EBEE /* SignUpViewController.swift */; };
		337704D9218E124E00B8EBEE /* UIView+AutoLayout.swift in Sources */ = {isa = PBXBuildFile; fileRef = 337704D8218E124E00B8EBEE /* UIView+AutoLayout.swift */; };
		7A8F48BC666EB3558AF8586D /* Pods_pinspot.framework in Frameworks */ = {isa = PBXBuildFile; fileRef = 99CBFE56EB06795EA39D7912 /* Pods_pinspot.framework */; };
/* End PBXBuildFile section */

/* Begin PBXFileReference section */
		0F03D0F62D993D5F409A5A97 /* Pods-pinspot.release.xcconfig */ = {isa = PBXFileReference; includeInIndex = 1; lastKnownFileType = text.xcconfig; name = "Pods-pinspot.release.xcconfig"; path = "Pods/Target Support Files/Pods-pinspot/Pods-pinspot.release.xcconfig"; sourceTree = "<group>"; };
		333407B921B07C0F007663B7 /* CameraPlaceholderViewController.swift */ = {isa = PBXFileReference; lastKnownFileType = sourcecode.swift; path = CameraPlaceholderViewController.swift; sourceTree = "<group>"; };
		337704A6218E02BE00B8EBEE /* pinspot.app */ = {isa = PBXFileReference; explicitFileType = wrapper.application; includeInIndex = 0; path = pinspot.app; sourceTree = BUILT_PRODUCTS_DIR; };
		337704A9218E02BE00B8EBEE /* AppDelegate.swift */ = {isa = PBXFileReference; lastKnownFileType = sourcecode.swift; path = AppDelegate.swift; sourceTree = "<group>"; };
		337704B0218E02C000B8EBEE /* Assets.xcassets */ = {isa = PBXFileReference; lastKnownFileType = folder.assetcatalog; path = Assets.xcassets; sourceTree = "<group>"; };
		337704B3218E02C000B8EBEE /* Base */ = {isa = PBXFileReference; lastKnownFileType = file.storyboard; name = Base; path = Base.lproj/LaunchScreen.storyboard; sourceTree = "<group>"; };
		337704B5218E02C000B8EBEE /* Info.plist */ = {isa = PBXFileReference; lastKnownFileType = text.plist.xml; path = Info.plist; sourceTree = "<group>"; };
		337704BD218E042D00B8EBEE /* AppFlowManager.swift */ = {isa = PBXFileReference; lastKnownFileType = sourcecode.swift; name = AppFlowManager.swift; path = pinspot/Managers/AppFlowManager.swift; sourceTree = SOURCE_ROOT; };
		337704BF218E050D00B8EBEE /* ExploreViewController.swift */ = {isa = PBXFileReference; lastKnownFileType = sourcecode.swift; path = ExploreViewController.swift; sourceTree = "<group>"; };
		337704C1218E051900B8EBEE /* ProfileViewController.swift */ = {isa = PBXFileReference; lastKnownFileType = sourcecode.swift; path = ProfileViewController.swift; sourceTree = "<group>"; };
		337704C4218E05D100B8EBEE /* Style.swift */ = {isa = PBXFileReference; fileEncoding = 4; lastKnownFileType = sourcecode.swift; path = Style.swift; sourceTree = "<group>"; };
		337704C8218E07B800B8EBEE /* View.swift */ = {isa = PBXFileReference; fileEncoding = 4; lastKnownFileType = sourcecode.swift; path = View.swift; sourceTree = "<group>"; };
		337704CA218E07C900B8EBEE /* MapView.swift */ = {isa = PBXFileReference; lastKnownFileType = sourcecode.swift; path = MapView.swift; sourceTree = "<group>"; };
		337704CC218E09B800B8EBEE /* GridView.swift */ = {isa = PBXFileReference; lastKnownFileType = sourcecode.swift; path = GridView.swift; sourceTree = "<group>"; };
		337704CE218E0C4D00B8EBEE /* CollectionViewCell.swift */ = {isa = PBXFileReference; fileEncoding = 4; lastKnownFileType = sourcecode.swift; path = CollectionViewCell.swift; sourceTree = "<group>"; };
		337704D0218E0EC300B8EBEE /* PostViewController.swift */ = {isa = PBXFileReference; lastKnownFileType = sourcecode.swift; path = PostViewController.swift; sourceTree = "<group>"; };
		337704D3218E106800B8EBEE /* LoginViewController.swift */ = {isa = PBXFileReference; lastKnownFileType = sourcecode.swift; path = LoginViewController.swift; sourceTree = "<group>"; };
		337704D5218E107300B8EBEE /* SignUpViewController.swift */ = {isa = PBXFileReference; lastKnownFileType = sourcecode.swift; path = SignUpViewController.swift; sourceTree = "<group>"; };
		337704D8218E124E00B8EBEE /* UIView+AutoLayout.swift */ = {isa = PBXFileReference; fileEncoding = 4; lastKnownFileType = sourcecode.swift; path = "UIView+AutoLayout.swift"; sourceTree = "<group>"; };
		41F8905EC6C79924DB36FA1B /* Pods-pinspot.debug.xcconfig */ = {isa = PBXFileReference; includeInIndex = 1; lastKnownFileType = text.xcconfig; name = "Pods-pinspot.debug.xcconfig"; path = "Pods/Target Support Files/Pods-pinspot/Pods-pinspot.debug.xcconfig"; sourceTree = "<group>"; };
		99CBFE56EB06795EA39D7912 /* Pods_pinspot.framework */ = {isa = PBXFileReference; explicitFileType = wrapper.framework; includeInIndex = 0; path = Pods_pinspot.framework; sourceTree = BUILT_PRODUCTS_DIR; };
/* End PBXFileReference section */

/* Begin PBXFrameworksBuildPhase section */
		337704A3218E02BD00B8EBEE /* Frameworks */ = {
			isa = PBXFrameworksBuildPhase;
			buildActionMask = 2147483647;
			files = (
				7A8F48BC666EB3558AF8586D /* Pods_pinspot.framework in Frameworks */,
			);
			runOnlyForDeploymentPostprocessing = 0;
		};
/* End PBXFrameworksBuildPhase section */

/* Begin PBXGroup section */
		3377049D218E02BD00B8EBEE = {
			isa = PBXGroup;
			children = (
				337704A8218E02BE00B8EBEE /* pinspot */,
				337704A7218E02BE00B8EBEE /* Products */,
				D39A658208251457F74F04EE /* Pods */,
				593DEF37183462804B69977E /* Frameworks */,
			);
			sourceTree = "<group>";
		};
		337704A7218E02BE00B8EBEE /* Products */ = {
			isa = PBXGroup;
			children = (
				337704A6218E02BE00B8EBEE /* pinspot.app */,
			);
			name = Products;
			sourceTree = "<group>";
		};
		337704A8218E02BE00B8EBEE /* pinspot */ = {
			isa = PBXGroup;
			children = (
				337704D7218E123C00B8EBEE /* Extensions */,
				337704BC218E041000B8EBEE /* Managers */,
				337704BB218E03FB00B8EBEE /* View Controllers */,
				337704C3218E05C800B8EBEE /* UI */,
				337704A9218E02BE00B8EBEE /* AppDelegate.swift */,
				337704B0218E02C000B8EBEE /* Assets.xcassets */,
				337704B2218E02C000B8EBEE /* LaunchScreen.storyboard */,
				337704B5218E02C000B8EBEE /* Info.plist */,
			);
			path = pinspot;
			sourceTree = "<group>";
		};
		337704BB218E03FB00B8EBEE /* View Controllers */ = {
			isa = PBXGroup;
			children = (
				337704D2218E105900B8EBEE /* Authentication */,
				337704BF218E050D00B8EBEE /* ExploreViewController.swift */,
				337704C1218E051900B8EBEE /* ProfileViewController.swift */,
				337704D0218E0EC300B8EBEE /* PostViewController.swift */,
				333407B921B07C0F007663B7 /* CameraPlaceholderViewController.swift */,
			);
			path = "View Controllers";
			sourceTree = "<group>";
		};
		337704BC218E041000B8EBEE /* Managers */ = {
			isa = PBXGroup;
			children = (
				337704BD218E042D00B8EBEE /* AppFlowManager.swift */,
			);
			path = Managers;
			sourceTree = "<group>";
		};
		337704C3218E05C800B8EBEE /* UI */ = {
			isa = PBXGroup;
			children = (
				337704C6218E07A800B8EBEE /* Views */,
				337704C4218E05D100B8EBEE /* Style.swift */,
			);
			path = UI;
			sourceTree = "<group>";
		};
		337704C6218E07A800B8EBEE /* Views */ = {
			isa = PBXGroup;
			children = (
				337704C7218E07AE00B8EBEE /* Base */,
				337704CA218E07C900B8EBEE /* MapView.swift */,
				337704CC218E09B800B8EBEE /* GridView.swift */,
			);
			path = Views;
			sourceTree = "<group>";
		};
		337704C7218E07AE00B8EBEE /* Base */ = {
			isa = PBXGroup;
			children = (
				337704CE218E0C4D00B8EBEE /* CollectionViewCell.swift */,
				337704C8218E07B800B8EBEE /* View.swift */,
			);
			path = Base;
			sourceTree = "<group>";
		};
		337704D2218E105900B8EBEE /* Authentication */ = {
			isa = PBXGroup;
			children = (
				337704D3218E106800B8EBEE /* LoginViewController.swift */,
				337704D5218E107300B8EBEE /* SignUpViewController.swift */,
			);
			path = Authentication;
			sourceTree = "<group>";
		};
		337704D7218E123C00B8EBEE /* Extensions */ = {
			isa = PBXGroup;
			children = (
				337704D8218E124E00B8EBEE /* UIView+AutoLayout.swift */,
			);
			path = Extensions;
			sourceTree = "<group>";
		};
		593DEF37183462804B69977E /* Frameworks */ = {
			isa = PBXGroup;
			children = (
				99CBFE56EB06795EA39D7912 /* Pods_pinspot.framework */,
			);
			name = Frameworks;
			sourceTree = "<group>";
		};
		D39A658208251457F74F04EE /* Pods */ = {
			isa = PBXGroup;
			children = (
				41F8905EC6C79924DB36FA1B /* Pods-pinspot.debug.xcconfig */,
				0F03D0F62D993D5F409A5A97 /* Pods-pinspot.release.xcconfig */,
			);
			name = Pods;
			sourceTree = "<group>";
		};
/* End PBXGroup section */

/* Begin PBXNativeTarget section */
		337704A5218E02BD00B8EBEE /* pinspot */ = {
			isa = PBXNativeTarget;
			buildConfigurationList = 337704B8218E02C000B8EBEE /* Build configuration list for PBXNativeTarget "pinspot" */;
			buildPhases = (
				76C547AFE5C7275A89BA0519 /* [CP] Check Pods Manifest.lock */,
				337704A2218E02BD00B8EBEE /* Sources */,
				337704A3218E02BD00B8EBEE /* Frameworks */,
				337704A4218E02BD00B8EBEE /* Resources */,
				60F6A1590190DCE1E3A03FE4 /* [CP] Embed Pods Frameworks */,
				0629D93CCF9DB251FC3CE475 /* [CP] Copy Pods Resources */,
			);
			buildRules = (
			);
			dependencies = (
			);
			name = pinspot;
			productName = pinspot;
			productReference = 337704A6218E02BE00B8EBEE /* pinspot.app */;
			productType = "com.apple.product-type.application";
		};
/* End PBXNativeTarget section */

/* Begin PBXProject section */
		3377049E218E02BD00B8EBEE /* Project object */ = {
			isa = PBXProject;
			attributes = {
				LastSwiftUpdateCheck = 1000;
				LastUpgradeCheck = 1000;
				ORGANIZATIONNAME = "Carlos Marcano";
				TargetAttributes = {
					337704A5218E02BD00B8EBEE = {
						CreatedOnToolsVersion = 10.0;
					};
				};
			};
			buildConfigurationList = 337704A1218E02BD00B8EBEE /* Build configuration list for PBXProject "pinspot" */;
			compatibilityVersion = "Xcode 9.3";
			developmentRegion = en;
			hasScannedForEncodings = 0;
			knownRegions = (
				en,
				Base,
			);
			mainGroup = 3377049D218E02BD00B8EBEE;
			productRefGroup = 337704A7218E02BE00B8EBEE /* Products */;
			projectDirPath = "";
			projectRoot = "";
			targets = (
				337704A5218E02BD00B8EBEE /* pinspot */,
			);
		};
/* End PBXProject section */

/* Begin PBXResourcesBuildPhase section */
		337704A4218E02BD00B8EBEE /* Resources */ = {
			isa = PBXResourcesBuildPhase;
			buildActionMask = 2147483647;
			files = (
				337704B4218E02C000B8EBEE /* LaunchScreen.storyboard in Resources */,
				337704B1218E02C000B8EBEE /* Assets.xcassets in Resources */,
			);
			runOnlyForDeploymentPostprocessing = 0;
		};
/* End PBXResourcesBuildPhase section */

/* Begin PBXShellScriptBuildPhase section */
		0629D93CCF9DB251FC3CE475 /* [CP] Copy Pods Resources */ = {
			isa = PBXShellScriptBuildPhase;
			buildActionMask = 2147483647;
			files = (
			);
			inputPaths = (
			);
			name = "[CP] Copy Pods Resources";
			outputPaths = (
			);
			runOnlyForDeploymentPostprocessing = 0;
			shellPath = /bin/sh;
			shellScript = "\"${SRCROOT}/Pods/Target Support Files/Pods-pinspot/Pods-pinspot-resources.sh\"\n";
			showEnvVarsInLog = 0;
		};
		60F6A1590190DCE1E3A03FE4 /* [CP] Embed Pods Frameworks */ = {
			isa = PBXShellScriptBuildPhase;
			buildActionMask = 2147483647;
			files = (
			);
			inputPaths = (
			);
			name = "[CP] Embed Pods Frameworks";
			outputPaths = (
			);
			runOnlyForDeploymentPostprocessing = 0;
			shellPath = /bin/sh;
			shellScript = "\"${SRCROOT}/Pods/Target Support Files/Pods-pinspot/Pods-pinspot-frameworks.sh\"\n";
			showEnvVarsInLog = 0;
		};
		76C547AFE5C7275A89BA0519 /* [CP] Check Pods Manifest.lock */ = {
			isa = PBXShellScriptBuildPhase;
			buildActionMask = 2147483647;
			files = (
			);
			inputPaths = (
				"${PODS_PODFILE_DIR_PATH}/Podfile.lock",
				"${PODS_ROOT}/Manifest.lock",
			);
			name = "[CP] Check Pods Manifest.lock";
			outputPaths = (
				"$(DERIVED_FILE_DIR)/Pods-pinspot-checkManifestLockResult.txt",
			);
			runOnlyForDeploymentPostprocessing = 0;
			shellPath = /bin/sh;
			shellScript = "diff \"${PODS_PODFILE_DIR_PATH}/Podfile.lock\" \"${PODS_ROOT}/Manifest.lock\" > /dev/null\nif [ $? != 0 ] ; then\n    # print error to STDERR\n    echo \"error: The sandbox is not in sync with the Podfile.lock. Run 'pod install' or update your CocoaPods installation.\" >&2\n    exit 1\nfi\n# This output is used by Xcode 'outputs' to avoid re-running this script phase.\necho \"SUCCESS\" > \"${SCRIPT_OUTPUT_FILE_0}\"\n";
			showEnvVarsInLog = 0;
		};
/* End PBXShellScriptBuildPhase section */

/* Begin PBXSourcesBuildPhase section */
		337704A2218E02BD00B8EBEE /* Sources */ = {
			isa = PBXSourcesBuildPhase;
			buildActionMask = 2147483647;
			files = (
				337704CB218E07C900B8EBEE /* MapView.swift in Sources */,
				337704AA218E02BE00B8EBEE /* AppDelegate.swift in Sources */,
				337704CF218E0C4D00B8EBEE /* CollectionViewCell.swift in Sources */,
				337704CD218E09B800B8EBEE /* GridView.swift in Sources */,
				337704D1218E0EC300B8EBEE /* PostViewController.swift in Sources */,
				337704BE218E042D00B8EBEE /* AppFlowManager.swift in Sources */,
				337704D6218E107300B8EBEE /* SignUpViewController.swift in Sources */,
				333407BA21B07C10007663B7 /* CameraPlaceholderViewController.swift in Sources */,
				337704D9218E124E00B8EBEE /* UIView+AutoLayout.swift in Sources */,
				337704C9218E07B800B8EBEE /* View.swift in Sources */,
				337704C2218E051900B8EBEE /* ProfileViewController.swift in Sources */,
				337704C0218E050D00B8EBEE /* ExploreViewController.swift in Sources */,
				337704C5218E05D100B8EBEE /* Style.swift in Sources */,
				337704D4218E106800B8EBEE /* LoginViewController.swift in Sources */,
			);
			runOnlyForDeploymentPostprocessing = 0;
		};
/* End PBXSourcesBuildPhase section */

/* Begin PBXVariantGroup section */
		337704B2218E02C000B8EBEE /* LaunchScreen.storyboard */ = {
			isa = PBXVariantGroup;
			children = (
				337704B3218E02C000B8EBEE /* Base */,
			);
			name = LaunchScreen.storyboard;
			sourceTree = "<group>";
		};
/* End PBXVariantGroup section */

/* Begin XCBuildConfiguration section */
		337704B6218E02C000B8EBEE /* Debug */ = {
			isa = XCBuildConfiguration;
			buildSettings = {
				ALWAYS_SEARCH_USER_PATHS = NO;
				CLANG_ANALYZER_NONNULL = YES;
				CLANG_ANALYZER_NUMBER_OBJECT_CONVERSION = YES_AGGRESSIVE;
				CLANG_CXX_LANGUAGE_STANDARD = "gnu++14";
				CLANG_CXX_LIBRARY = "libc++";
				CLANG_ENABLE_MODULES = YES;
				CLANG_ENABLE_OBJC_ARC = YES;
				CLANG_ENABLE_OBJC_WEAK = YES;
				CLANG_WARN_BLOCK_CAPTURE_AUTORELEASING = YES;
				CLANG_WARN_BOOL_CONVERSION = YES;
				CLANG_WARN_COMMA = YES;
				CLANG_WARN_CONSTANT_CONVERSION = YES;
				CLANG_WARN_DEPRECATED_OBJC_IMPLEMENTATIONS = YES;
				CLANG_WARN_DIRECT_OBJC_ISA_USAGE = YES_ERROR;
				CLANG_WARN_DOCUMENTATION_COMMENTS = YES;
				CLANG_WARN_EMPTY_BODY = YES;
				CLANG_WARN_ENUM_CONVERSION = YES;
				CLANG_WARN_INFINITE_RECURSION = YES;
				CLANG_WARN_INT_CONVERSION = YES;
				CLANG_WARN_NON_LITERAL_NULL_CONVERSION = YES;
				CLANG_WARN_OBJC_IMPLICIT_RETAIN_SELF = YES;
				CLANG_WARN_OBJC_LITERAL_CONVERSION = YES;
				CLANG_WARN_OBJC_ROOT_CLASS = YES_ERROR;
				CLANG_WARN_RANGE_LOOP_ANALYSIS = YES;
				CLANG_WARN_STRICT_PROTOTYPES = YES;
				CLANG_WARN_SUSPICIOUS_MOVE = YES;
				CLANG_WARN_UNGUARDED_AVAILABILITY = YES_AGGRESSIVE;
				CLANG_WARN_UNREACHABLE_CODE = YES;
				CLANG_WARN__DUPLICATE_METHOD_MATCH = YES;
				CODE_SIGN_IDENTITY = "iPhone Developer";
				COPY_PHASE_STRIP = NO;
				DEBUG_INFORMATION_FORMAT = dwarf;
				ENABLE_STRICT_OBJC_MSGSEND = YES;
				ENABLE_TESTABILITY = YES;
				GCC_C_LANGUAGE_STANDARD = gnu11;
				GCC_DYNAMIC_NO_PIC = NO;
				GCC_NO_COMMON_BLOCKS = YES;
				GCC_OPTIMIZATION_LEVEL = 0;
				GCC_PREPROCESSOR_DEFINITIONS = (
					"DEBUG=1",
					"$(inherited)",
				);
				GCC_WARN_64_TO_32_BIT_CONVERSION = YES;
				GCC_WARN_ABOUT_RETURN_TYPE = YES_ERROR;
				GCC_WARN_UNDECLARED_SELECTOR = YES;
				GCC_WARN_UNINITIALIZED_AUTOS = YES_AGGRESSIVE;
				GCC_WARN_UNUSED_FUNCTION = YES;
				GCC_WARN_UNUSED_VARIABLE = YES;
				IPHONEOS_DEPLOYMENT_TARGET = 12.0;
				MTL_ENABLE_DEBUG_INFO = INCLUDE_SOURCE;
				MTL_FAST_MATH = YES;
				ONLY_ACTIVE_ARCH = YES;
				SDKROOT = iphoneos;
				SWIFT_ACTIVE_COMPILATION_CONDITIONS = DEBUG;
				SWIFT_OPTIMIZATION_LEVEL = "-Onone";
			};
			name = Debug;
		};
		337704B7218E02C000B8EBEE /* Release */ = {
			isa = XCBuildConfiguration;
			buildSettings = {
				ALWAYS_SEARCH_USER_PATHS = NO;
				CLANG_ANALYZER_NONNULL = YES;
				CLANG_ANALYZER_NUMBER_OBJECT_CONVERSION = YES_AGGRESSIVE;
				CLANG_CXX_LANGUAGE_STANDARD = "gnu++14";
				CLANG_CXX_LIBRARY = "libc++";
				CLANG_ENABLE_MODULES = YES;
				CLANG_ENABLE_OBJC_ARC = YES;
				CLANG_ENABLE_OBJC_WEAK = YES;
				CLANG_WARN_BLOCK_CAPTURE_AUTORELEASING = YES;
				CLANG_WARN_BOOL_CONVERSION = YES;
				CLANG_WARN_COMMA = YES;
				CLANG_WARN_CONSTANT_CONVERSION = YES;
				CLANG_WARN_DEPRECATED_OBJC_IMPLEMENTATIONS = YES;
				CLANG_WARN_DIRECT_OBJC_ISA_USAGE = YES_ERROR;
				CLANG_WARN_DOCUMENTATION_COMMENTS = YES;
				CLANG_WARN_EMPTY_BODY = YES;
				CLANG_WARN_ENUM_CONVERSION = YES;
				CLANG_WARN_INFINITE_RECURSION = YES;
				CLANG_WARN_INT_CONVERSION = YES;
				CLANG_WARN_NON_LITERAL_NULL_CONVERSION = YES;
				CLANG_WARN_OBJC_IMPLICIT_RETAIN_SELF = YES;
				CLANG_WARN_OBJC_LITERAL_CONVERSION = YES;
				CLANG_WARN_OBJC_ROOT_CLASS = YES_ERROR;
				CLANG_WARN_RANGE_LOOP_ANALYSIS = YES;
				CLANG_WARN_STRICT_PROTOTYPES = YES;
				CLANG_WARN_SUSPICIOUS_MOVE = YES;
				CLANG_WARN_UNGUARDED_AVAILABILITY = YES_AGGRESSIVE;
				CLANG_WARN_UNREACHABLE_CODE = YES;
				CLANG_WARN__DUPLICATE_METHOD_MATCH = YES;
				CODE_SIGN_IDENTITY = "iPhone Developer";
				COPY_PHASE_STRIP = NO;
				DEBUG_INFORMATION_FORMAT = "dwarf-with-dsym";
				ENABLE_NS_ASSERTIONS = NO;
				ENABLE_STRICT_OBJC_MSGSEND = YES;
				GCC_C_LANGUAGE_STANDARD = gnu11;
				GCC_NO_COMMON_BLOCKS = YES;
				GCC_WARN_64_TO_32_BIT_CONVERSION = YES;
				GCC_WARN_ABOUT_RETURN_TYPE = YES_ERROR;
				GCC_WARN_UNDECLARED_SELECTOR = YES;
				GCC_WARN_UNINITIALIZED_AUTOS = YES_AGGRESSIVE;
				GCC_WARN_UNUSED_FUNCTION = YES;
				GCC_WARN_UNUSED_VARIABLE = YES;
				IPHONEOS_DEPLOYMENT_TARGET = 12.0;
				MTL_ENABLE_DEBUG_INFO = NO;
				MTL_FAST_MATH = YES;
				SDKROOT = iphoneos;
				SWIFT_COMPILATION_MODE = wholemodule;
				SWIFT_OPTIMIZATION_LEVEL = "-O";
				VALIDATE_PRODUCT = YES;
			};
			name = Release;
		};
		337704B9218E02C000B8EBEE /* Debug */ = {
			isa = XCBuildConfiguration;
			baseConfigurationReference = 41F8905EC6C79924DB36FA1B /* Pods-pinspot.debug.xcconfig */;
			buildSettings = {
				ASSETCATALOG_COMPILER_APPICON_NAME = AppIcon;
				CODE_SIGN_STYLE = Automatic;
				DEVELOPMENT_TEAM = UCT52U43VJ;
				INFOPLIST_FILE = pinspot/Info.plist;
				LD_RUNPATH_SEARCH_PATHS = (
					"$(inherited)",
					"@executable_path/Frameworks",
				);
				PRODUCT_BUNDLE_IDENTIFIER = com.cmarca.pinspot;
				PRODUCT_NAME = "$(TARGET_NAME)";
				SWIFT_VERSION = 4.2;
				TARGETED_DEVICE_FAMILY = "1,2";
			};
			name = Debug;
		};
		337704BA218E02C000B8EBEE /* Release */ = {
			isa = XCBuildConfiguration;
			baseConfigurationReference = 0F03D0F62D993D5F409A5A97 /* Pods-pinspot.release.xcconfig */;
			buildSettings = {
				ASSETCATALOG_COMPILER_APPICON_NAME = AppIcon;
				CODE_SIGN_STYLE = Automatic;
				DEVELOPMENT_TEAM = UCT52U43VJ;
				INFOPLIST_FILE = pinspot/Info.plist;
				LD_RUNPATH_SEARCH_PATHS = (
					"$(inherited)",
					"@executable_path/Frameworks",
				);
				PRODUCT_BUNDLE_IDENTIFIER = com.cmarca.pinspot;
				PRODUCT_NAME = "$(TARGET_NAME)";
				SWIFT_VERSION = 4.2;
				TARGETED_DEVICE_FAMILY = "1,2";
			};
			name = Release;
		};
/* End XCBuildConfiguration section */

/* Begin XCConfigurationList section */
		337704A1218E02BD00B8EBEE /* Build configuration list for PBXProject "pinspot" */ = {
			isa = XCConfigurationList;
			buildConfigurations = (
				337704B6218E02C000B8EBEE /* Debug */,
				337704B7218E02C000B8EBEE /* Release */,
			);
			defaultConfigurationIsVisible = 0;
			defaultConfigurationName = Release;
		};
		337704B8218E02C000B8EBEE /* Build configuration list for PBXNativeTarget "pinspot" */ = {
			isa = XCConfigurationList;
			buildConfigurations = (
				337704B9218E02C000B8EBEE /* Debug */,
				337704BA218E02C000B8EBEE /* Release */,
			);
			defaultConfigurationIsVisible = 0;
			defaultConfigurationName = Release;
		};
/* End XCConfigurationList section */
	};
	rootObject = 3377049E218E02BD00B8EBEE /* Project object */;
}
